# This file is automatically @generated by Cargo.
# It is not intended for manual editing.
[[package]]
name = "quill-internals"
version = "0.1.0-alpha1.5"
source = "git+https://github.com/amberkowalski/quill-internals.git#4e77018a03741a59d02497dbd7a0b2dfe9198887"

[[package]]
name = "test-plugin"
version = "0.1.0"
dependencies = [
 "quill-internals",
]
