# This file is automatically @generated by Cargo.
# It is not intended for manual editing.
[[package]]
name = "quill-sys"
version = "0.1.0-alpha4.0"
source = "git+https://github.com/feather-rs/quill.git?branch=develop#d984ee9d3a5d1e640a40220c4a991c01a09ce0c0"

[[package]]
name = "test-plugin"
version = "0.1.0"
dependencies = [
 "quill-sys",
 "wasm-tracing-allocator",
]

[[package]]
name = "wasm-tracing-allocator"
version = "0.1.1"
source = "git+https://github.com/amberkowalski/feather-tracing-allocator.git#156a760109c73966d4020f96bc5d322e67840c5a"
